// !$*UTF8*$!
{
	archiveVersion = 1;
	classes = {
	};
	objectVersion = 77;
	objects = {

/* Begin PBXBuildFile section */
		8C4761422E476E6D00C75558 /* Assets.xcassets in Resources */ = {isa = PBXBuildFile; fileRef = 8C4761162E476E6D00C75558 /* Assets.xcassets */; };
		8C4761432E476E6D00C75558 /* Inter-VariableFont_opsz,wght.ttf in Resources */ = {isa = PBXBuildFile; fileRef = 8C47611B2E476E6D00C75558 /* Inter-VariableFont_opsz,wght.ttf */; };
		8C4761452E476E6D00C75558 /* LeagueSpartan-VariableFont_wght.ttf in Resources */ = {isa = PBXBuildFile; fileRef = 8C47611C2E476E6D00C75558 /* LeagueSpartan-VariableFont_wght.ttf */; };
		8C4761462E476E6D00C75558 /* Preview Assets.xcassets in Resources */ = {isa = PBXBuildFile; fileRef = 8C4761192E476E6D00C75558 /* Preview Assets.xcassets */; };
		8C4761472E476E6D00C75558 /* MenuView.swift in Sources */ = {isa = PBXBuildFile; fileRef = 8C4761332E476E6D00C75558 /* MenuView.swift */; };
		8C4761482E476E6D00C75558 /* PasswordInputView.swift in Sources */ = {isa = PBXBuildFile; fileRef = 8C4761202E476E6D00C75558 /* PasswordInputView.swift */; };
		8C4761492E476E6D00C75558 /* AuthProvidersView.swift in Sources */ = {isa = PBXBuildFile; fileRef = 8C47611F2E476E6D00C75558 /* AuthProvidersView.swift */; };
		8C47614A2E476E6D00C75558 /* OnboardingOrderView.swift in Sources */ = {isa = PBXBuildFile; fileRef = 8C47613E2E476E6D00C75558 /* OnboardingOrderView.swift */; };
		8C47614B2E476E6D00C75558 /* LaunchFirstScreenView.swift in Sources */ = {isa = PBXBuildFile; fileRef = 8C47613A2E476E6D00C75558 /* LaunchFirstScreenView.swift */; };
		8C47614C2E476E6D00C75558 /* TabBarView.swift in Sources */ = {isa = PBXBuildFile; fileRef = 8C4761382E476E6D00C75558 /* TabBarView.swift */; };
		8C47614D2E476E6D00C75558 /* OnboardingDeliveryView.swift in Sources */ = {isa = PBXBuildFile; fileRef = 8C47613D2E476E6D00C75558 /* OnboardingDeliveryView.swift */; };
		8C47614E2E476E6D00C75558 /* OnboardingPaymentView.swift in Sources */ = {isa = PBXBuildFile; fileRef = 8C47613F2E476E6D00C75558 /* OnboardingPaymentView.swift */; };
		8C47614F2E476E6D00C75558 /* LaunchWelcomeScreenView.swift in Sources */ = {isa = PBXBuildFile; fileRef = 8C47613B2E476E6D00C75558 /* LaunchWelcomeScreenView.swift */; };
		8C4761522E476E6D00C75558 /* FoodDeliveryApp.swift in Sources */ = {isa = PBXBuildFile; fileRef = 8C4761172E476E6D00C75558 /* FoodDeliveryApp.swift */; };
		8C4761532E476E6D00C75558 /* SignUpView.swift in Sources */ = {isa = PBXBuildFile; fileRef = 8C4761242E476E6D00C75558 /* SignUpView.swift */; };
		8C4761552E476E6D00C75558 /* MenuItemView.swift in Sources */ = {isa = PBXBuildFile; fileRef = 8C4761322E476E6D00C75558 /* MenuItemView.swift */; };
		8C4761562E476E6D00C75558 /* LogInView.swift in Sources */ = {isa = PBXBuildFile; fileRef = 8C4761222E476E6D00C75558 /* LogInView.swift */; };
		8C4761572E476E6D00C75558 /* OrdersView.swift in Sources */ = {isa = PBXBuildFile; fileRef = 8C4761362E476E6D00C75558 /* OrdersView.swift */; };
		8C47615B2E476E6D00C75558 /* MenuViewContent.swift in Sources */ = {isa = PBXBuildFile; fileRef = 8C4761342E476E6D00C75558 /* MenuViewContent.swift */; };
		8C47615C2E476E6D00C75558 /* HelpView.swift in Sources */ = {isa = PBXBuildFile; fileRef = 8C4761282E476E6D00C75558 /* HelpView.swift */; };
		8C47615D2E476E6D00C75558 /* FavoritesView.swift in Sources */ = {isa = PBXBuildFile; fileRef = 8C4761262E476E6D00C75558 /* FavoritesView.swift */; };
		8C47615F2E476E6D00C75558 /* SetPasswordView.swift in Sources */ = {isa = PBXBuildFile; fileRef = 8C4761232E476E6D00C75558 /* SetPasswordView.swift */; };
		8CABF3A22E4A2A71008C81ED /* BestSellerItemCompact.swift in Sources */ = {isa = PBXBuildFile; fileRef = 8CABF3992E4A2A71008C81ED /* BestSellerItemCompact.swift */; };
		8CABF3A62E4A2A71008C81ED /* HomeView.swift in Sources */ = {isa = PBXBuildFile; fileRef = 8CABF39D2E4A2A71008C81ED /* HomeView.swift */; };
		8CABF3A72E4A2A71008C81ED /* HomeViewContent.swift in Sources */ = {isa = PBXBuildFile; fileRef = 8CABF39E2E4A2A71008C81ED /* HomeViewContent.swift */; };
		8CABF3A82E4A2A71008C81ED /* RecommendItemView.swift in Sources */ = {isa = PBXBuildFile; fileRef = 8CABF39F2E4A2A71008C81ED /* RecommendItemView.swift */; };
		8CABF3A92E4A2A71008C81ED /* SliderDiscountView.swift in Sources */ = {isa = PBXBuildFile; fileRef = 8CABF3A02E4A2A71008C81ED /* SliderDiscountView.swift */; };
		8CE585182E4B728300951B8B /* ItemFullView.swift in Sources */ = {isa = PBXBuildFile; fileRef = 8CE585172E4B728300951B8B /* ItemFullView.swift */; };
		8CE5854E2E4B7D7B00951B8B /* FavoritesViewContent.swift in Sources */ = {isa = PBXBuildFile; fileRef = 8CE5854D2E4B7D7B00951B8B /* FavoritesViewContent.swift */; };
/* End PBXBuildFile section */

/* Begin PBXFileReference section */
		8C4761162E476E6D00C75558 /* Assets.xcassets */ = {isa = PBXFileReference; lastKnownFileType = folder.assetcatalog; path = Assets.xcassets; sourceTree = "<group>"; };
		8C4761172E476E6D00C75558 /* FoodDeliveryApp.swift */ = {isa = PBXFileReference; lastKnownFileType = sourcecode.swift; path = FoodDeliveryApp.swift; sourceTree = "<group>"; };
		8C4761182E476E6D00C75558 /* Info.plist */ = {isa = PBXFileReference; lastKnownFileType = text.plist.xml; path = Info.plist; sourceTree = "<group>"; };
		8C4761192E476E6D00C75558 /* Preview Assets.xcassets */ = {isa = PBXFileReference; lastKnownFileType = folder.assetcatalog; path = "Preview Assets.xcassets"; sourceTree = "<group>"; };
		8C47611B2E476E6D00C75558 /* Inter-VariableFont_opsz,wght.ttf */ = {isa = PBXFileReference; lastKnownFileType = file; path = "Inter-VariableFont_opsz,wght.ttf"; sourceTree = "<group>"; };
		8C47611C2E476E6D00C75558 /* LeagueSpartan-VariableFont_wght.ttf */ = {isa = PBXFileReference; lastKnownFileType = file; path = "LeagueSpartan-VariableFont_wght.ttf"; sourceTree = "<group>"; };
		8C47611F2E476E6D00C75558 /* AuthProvidersView.swift */ = {isa = PBXFileReference; lastKnownFileType = sourcecode.swift; path = AuthProvidersView.swift; sourceTree = "<group>"; };
		8C4761202E476E6D00C75558 /* PasswordInputView.swift */ = {isa = PBXFileReference; lastKnownFileType = sourcecode.swift; path = PasswordInputView.swift; sourceTree = "<group>"; };
		8C4761222E476E6D00C75558 /* LogInView.swift */ = {isa = PBXFileReference; lastKnownFileType = sourcecode.swift; path = LogInView.swift; sourceTree = "<group>"; };
		8C4761232E476E6D00C75558 /* SetPasswordView.swift */ = {isa = PBXFileReference; lastKnownFileType = sourcecode.swift; path = SetPasswordView.swift; sourceTree = "<group>"; };
		8C4761242E476E6D00C75558 /* SignUpView.swift */ = {isa = PBXFileReference; lastKnownFileType = sourcecode.swift; path = SignUpView.swift; sourceTree = "<group>"; };
		8C4761262E476E6D00C75558 /* FavoritesView.swift */ = {isa = PBXFileReference; lastKnownFileType = sourcecode.swift; path = FavoritesView.swift; sourceTree = "<group>"; };
		8C4761282E476E6D00C75558 /* HelpView.swift */ = {isa = PBXFileReference; lastKnownFileType = sourcecode.swift; path = HelpView.swift; sourceTree = "<group>"; };
		8C4761322E476E6D00C75558 /* MenuItemView.swift */ = {isa = PBXFileReference; lastKnownFileType = sourcecode.swift; path = MenuItemView.swift; sourceTree = "<group>"; };
		8C4761332E476E6D00C75558 /* MenuView.swift */ = {isa = PBXFileReference; lastKnownFileType = sourcecode.swift; path = MenuView.swift; sourceTree = "<group>"; };
		8C4761342E476E6D00C75558 /* MenuViewContent.swift */ = {isa = PBXFileReference; lastKnownFileType = sourcecode.swift; path = MenuViewContent.swift; sourceTree = "<group>"; };
		8C4761362E476E6D00C75558 /* OrdersView.swift */ = {isa = PBXFileReference; lastKnownFileType = sourcecode.swift; path = OrdersView.swift; sourceTree = "<group>"; };
		8C4761382E476E6D00C75558 /* TabBarView.swift */ = {isa = PBXFileReference; lastKnownFileType = sourcecode.swift; path = TabBarView.swift; sourceTree = "<group>"; };
		8C47613A2E476E6D00C75558 /* LaunchFirstScreenView.swift */ = {isa = PBXFileReference; lastKnownFileType = sourcecode.swift; path = LaunchFirstScreenView.swift; sourceTree = "<group>"; };
		8C47613B2E476E6D00C75558 /* LaunchWelcomeScreenView.swift */ = {isa = PBXFileReference; lastKnownFileType = sourcecode.swift; path = LaunchWelcomeScreenView.swift; sourceTree = "<group>"; };
		8C47613D2E476E6D00C75558 /* OnboardingDeliveryView.swift */ = {isa = PBXFileReference; lastKnownFileType = sourcecode.swift; path = OnboardingDeliveryView.swift; sourceTree = "<group>"; };
		8C47613E2E476E6D00C75558 /* OnboardingOrderView.swift */ = {isa = PBXFileReference; lastKnownFileType = sourcecode.swift; path = OnboardingOrderView.swift; sourceTree = "<group>"; };
		8C47613F2E476E6D00C75558 /* OnboardingPaymentView.swift */ = {isa = PBXFileReference; lastKnownFileType = sourcecode.swift; path = OnboardingPaymentView.swift; sourceTree = "<group>"; };
		8CABF3992E4A2A71008C81ED /* BestSellerItemCompact.swift */ = {isa = PBXFileReference; lastKnownFileType = sourcecode.swift; path = BestSellerItemCompact.swift; sourceTree = "<group>"; };
		8CABF39D2E4A2A71008C81ED /* HomeView.swift */ = {isa = PBXFileReference; lastKnownFileType = sourcecode.swift; path = HomeView.swift; sourceTree = "<group>"; };
		8CABF39E2E4A2A71008C81ED /* HomeViewContent.swift */ = {isa = PBXFileReference; lastKnownFileType = sourcecode.swift; path = HomeViewContent.swift; sourceTree = "<group>"; };
		8CABF39F2E4A2A71008C81ED /* RecommendItemView.swift */ = {isa = PBXFileReference; lastKnownFileType = sourcecode.swift; path = RecommendItemView.swift; sourceTree = "<group>"; };
		8CABF3A02E4A2A71008C81ED /* SliderDiscountView.swift */ = {isa = PBXFileReference; lastKnownFileType = sourcecode.swift; path = SliderDiscountView.swift; sourceTree = "<group>"; };
		8CE2A6B62E2EA75100C3CDD4 /* DeliWorldClients.app */ = {isa = PBXFileReference; explicitFileType = wrapper.application; includeInIndex = 0; path = DeliWorldClients.app; sourceTree = BUILT_PRODUCTS_DIR; };
		8CE585172E4B728300951B8B /* ItemFullView.swift */ = {isa = PBXFileReference; lastKnownFileType = sourcecode.swift; path = ItemFullView.swift; sourceTree = "<group>"; };
		8CE5854D2E4B7D7B00951B8B /* FavoritesViewContent.swift */ = {isa = PBXFileReference; lastKnownFileType = sourcecode.swift; path = FavoritesViewContent.swift; sourceTree = "<group>"; };
/* End PBXFileReference section */

/* Begin PBXFileSystemSynchronizedRootGroup section */
		8C4761602E476FCD00C75558 /* Filter */ = {
			isa = PBXFileSystemSynchronizedRootGroup;
			path = Filter;
			sourceTree = "<group>";
		};
		8C4761752E4791CF00C75558 /* Slidebar */ = {
			isa = PBXFileSystemSynchronizedRootGroup;
			path = Slidebar;
			sourceTree = "<group>";
		};
		8CABF3AA2E4A2AAC008C81ED /* BestSeller */ = {
			isa = PBXFileSystemSynchronizedRootGroup;
			path = BestSeller;
			sourceTree = "<group>";
		};
		8CE585102E4B6F7000951B8B /* Recommendations */ = {
			isa = PBXFileSystemSynchronizedRootGroup;
			path = Recommendations;
			sourceTree = "<group>";
		};
/* End PBXFileSystemSynchronizedRootGroup section */

/* Begin PBXFrameworksBuildPhase section */
		8CE2A6B32E2EA75100C3CDD4 /* Frameworks */ = {
			isa = PBXFrameworksBuildPhase;
			buildActionMask = 2147483647;
			files = (
			);
			runOnlyForDeploymentPostprocessing = 0;
		};
/* End PBXFrameworksBuildPhase section */

/* Begin PBXGroup section */
		8C47611A2E476E6D00C75558 /* Preview Content */ = {
			isa = PBXGroup;
			children = (
				8C4761192E476E6D00C75558 /* Preview Assets.xcassets */,
			);
			path = "Preview Content";
			sourceTree = "<group>";
		};
		8C47611D2E476E6D00C75558 /* Fonts */ = {
			isa = PBXGroup;
			children = (
				8C47611B2E476E6D00C75558 /* Inter-VariableFont_opsz,wght.ttf */,
				8C47611C2E476E6D00C75558 /* LeagueSpartan-VariableFont_wght.ttf */,
			);
			path = Fonts;
			sourceTree = "<group>";
		};
		8C47611E2E476E6D00C75558 /* Utils */ = {
			isa = PBXGroup;
			children = (
				8C47611D2E476E6D00C75558 /* Fonts */,
			);
			path = Utils;
			sourceTree = "<group>";
		};
		8C4761212E476E6D00C75558 /* AuthComponents */ = {
			isa = PBXGroup;
			children = (
				8C47611F2E476E6D00C75558 /* AuthProvidersView.swift */,
				8C4761202E476E6D00C75558 /* PasswordInputView.swift */,
			);
			path = AuthComponents;
			sourceTree = "<group>";
		};
		8C4761252E476E6D00C75558 /* Authentication */ = {
			isa = PBXGroup;
			children = (
				8C4761212E476E6D00C75558 /* AuthComponents */,
				8C4761222E476E6D00C75558 /* LogInView.swift */,
				8C4761232E476E6D00C75558 /* SetPasswordView.swift */,
				8C4761242E476E6D00C75558 /* SignUpView.swift */,
			);
			path = Authentication;
			sourceTree = "<group>";
		};
		8C4761272E476E6D00C75558 /* Favorites */ = {
			isa = PBXGroup;
			children = (
				8C4761262E476E6D00C75558 /* FavoritesView.swift */,
				8CE5854D2E4B7D7B00951B8B /* FavoritesViewContent.swift */,
			);
			path = Favorites;
			sourceTree = "<group>";
		};
		8C4761292E476E6D00C75558 /* Help */ = {
			isa = PBXGroup;
			children = (
				8C4761282E476E6D00C75558 /* HelpView.swift */,
			);
			path = Help;
			sourceTree = "<group>";
		};
		8C4761352E476E6D00C75558 /* Menu */ = {
			isa = PBXGroup;
			children = (
				8C4761602E476FCD00C75558 /* Filter */,
				8C4761322E476E6D00C75558 /* MenuItemView.swift */,
				8C4761332E476E6D00C75558 /* MenuView.swift */,
				8C4761342E476E6D00C75558 /* MenuViewContent.swift */,
			);
			path = Menu;
			sourceTree = "<group>";
		};
		8C4761372E476E6D00C75558 /* Orders */ = {
			isa = PBXGroup;
			children = (
				8C4761362E476E6D00C75558 /* OrdersView.swift */,
			);
			path = Orders;
			sourceTree = "<group>";
		};
		8C4761392E476E6D00C75558 /* Bottom Navigation */ = {
			isa = PBXGroup;
			children = (
				8C4761752E4791CF00C75558 /* Slidebar */,
				8C4761292E476E6D00C75558 /* Help */,
				8CABF3A12E4A2A71008C81ED /* Home */,
				8C4761352E476E6D00C75558 /* Menu */,
				8C4761372E476E6D00C75558 /* Orders */,
				8C4761272E476E6D00C75558 /* Favorites */,
				8CE585172E4B728300951B8B /* ItemFullView.swift */,
				8C4761382E476E6D00C75558 /* TabBarView.swift */,
			);
			path = "Bottom Navigation";
			sourceTree = "<group>";
		};
		8C47613C2E476E6D00C75558 /* Launch */ = {
			isa = PBXGroup;
			children = (
				8C47613A2E476E6D00C75558 /* LaunchFirstScreenView.swift */,
				8C47613B2E476E6D00C75558 /* LaunchWelcomeScreenView.swift */,
			);
			path = Launch;
			sourceTree = "<group>";
		};
		8C4761402E476E6D00C75558 /* Onboarding */ = {
			isa = PBXGroup;
			children = (
				8C47613D2E476E6D00C75558 /* OnboardingDeliveryView.swift */,
				8C47613E2E476E6D00C75558 /* OnboardingOrderView.swift */,
				8C47613F2E476E6D00C75558 /* OnboardingPaymentView.swift */,
			);
			path = Onboarding;
			sourceTree = "<group>";
		};
		8C4761412E476E6D00C75558 /* Views */ = {
			isa = PBXGroup;
			children = (
				8C4761252E476E6D00C75558 /* Authentication */,
				8C4761392E476E6D00C75558 /* Bottom Navigation */,
				8C47613C2E476E6D00C75558 /* Launch */,
				8C4761402E476E6D00C75558 /* Onboarding */,
			);
			path = Views;
			sourceTree = "<group>";
		};
		8CABF3A12E4A2A71008C81ED /* Home */ = {
			isa = PBXGroup;
			children = (
				8CE585102E4B6F7000951B8B /* Recommendations */,
				8CABF3AA2E4A2AAC008C81ED /* BestSeller */,
				8CABF39D2E4A2A71008C81ED /* HomeView.swift */,
				8CABF39E2E4A2A71008C81ED /* HomeViewContent.swift */,
				8CABF39F2E4A2A71008C81ED /* RecommendItemView.swift */,
				8CABF3A02E4A2A71008C81ED /* SliderDiscountView.swift */,
				8CABF3992E4A2A71008C81ED /* BestSellerItemCompact.swift */,
			);
			path = Home;
			sourceTree = "<group>";
		};
		8CE2A6AD2E2EA75100C3CDD4 = {
			isa = PBXGroup;
			children = (
				8C47611A2E476E6D00C75558 /* Preview Content */,
				8C47611E2E476E6D00C75558 /* Utils */,
				8C4761412E476E6D00C75558 /* Views */,
				8C4761162E476E6D00C75558 /* Assets.xcassets */,
				8C4761172E476E6D00C75558 /* FoodDeliveryApp.swift */,
				8C4761182E476E6D00C75558 /* Info.plist */,
				8CE2A6B72E2EA75100C3CDD4 /* Products */,
			);
			sourceTree = "<group>";
		};
		8CE2A6B72E2EA75100C3CDD4 /* Products */ = {
			isa = PBXGroup;
			children = (
				8CE2A6B62E2EA75100C3CDD4 /* DeliWorldClients.app */,
			);
			name = Products;
			sourceTree = "<group>";
		};
/* End PBXGroup section */

/* Begin PBXNativeTarget section */
		8CE2A6B52E2EA75100C3CDD4 /* DeliWorldClients */ = {
			isa = PBXNativeTarget;
			buildConfigurationList = 8CE2A6C42E2EA75200C3CDD4 /* Build configuration list for PBXNativeTarget "DeliWorldClients" */;
			buildPhases = (
				8CE2A6B22E2EA75100C3CDD4 /* Sources */,
				8CE2A6B32E2EA75100C3CDD4 /* Frameworks */,
				8CE2A6B42E2EA75100C3CDD4 /* Resources */,
			);
			buildRules = (
			);
			dependencies = (
			);
			fileSystemSynchronizedGroups = (
				8C4761602E476FCD00C75558 /* Filter */,
				8C4761752E4791CF00C75558 /* Slidebar */,
				8CABF3AA2E4A2AAC008C81ED /* BestSeller */,
				8CE585102E4B6F7000951B8B /* Recommendations */,
			);
			name = DeliWorldClients;
			packageProductDependencies = (
			);
			productName = FoodDelivery;
			productReference = 8CE2A6B62E2EA75100C3CDD4 /* DeliWorldClients.app */;
			productType = "com.apple.product-type.application";
		};
/* End PBXNativeTarget section */

/* Begin PBXProject section */
		8CE2A6AE2E2EA75100C3CDD4 /* Project object */ = {
			isa = PBXProject;
			attributes = {
				BuildIndependentTargetsInParallel = 1;
				LastSwiftUpdateCheck = 1620;
				LastUpgradeCheck = 1620;
				TargetAttributes = {
					8CE2A6B52E2EA75100C3CDD4 = {
						CreatedOnToolsVersion = 16.2;
					};
				};
			};
			buildConfigurationList = 8CE2A6B12E2EA75100C3CDD4 /* Build configuration list for PBXProject "DeliWorldClients" */;
			developmentRegion = en;
			hasScannedForEncodings = 0;
			knownRegions = (
				en,
				Base,
			);
			mainGroup = 8CE2A6AD2E2EA75100C3CDD4;
			minimizedProjectReferenceProxies = 1;
			preferredProjectObjectVersion = 77;
			productRefGroup = 8CE2A6B72E2EA75100C3CDD4 /* Products */;
			projectDirPath = "";
			projectRoot = "";
			targets = (
				8CE2A6B52E2EA75100C3CDD4 /* DeliWorldClients */,
			);
		};
/* End PBXProject section */

/* Begin PBXResourcesBuildPhase section */
		8CE2A6B42E2EA75100C3CDD4 /* Resources */ = {
			isa = PBXResourcesBuildPhase;
			buildActionMask = 2147483647;
			files = (
				8C4761422E476E6D00C75558 /* Assets.xcassets in Resources */,
				8C4761432E476E6D00C75558 /* Inter-VariableFont_opsz,wght.ttf in Resources */,
				8C4761452E476E6D00C75558 /* LeagueSpartan-VariableFont_wght.ttf in Resources */,
				8C4761462E476E6D00C75558 /* Preview Assets.xcassets in Resources */,
			);
			runOnlyForDeploymentPostprocessing = 0;
		};
/* End PBXResourcesBuildPhase section */

/* Begin PBXSourcesBuildPhase section */
		8CE2A6B22E2EA75100C3CDD4 /* Sources */ = {
			isa = PBXSourcesBuildPhase;
			buildActionMask = 2147483647;
			files = (
				8C4761472E476E6D00C75558 /* MenuView.swift in Sources */,
				8C4761482E476E6D00C75558 /* PasswordInputView.swift in Sources */,
				8C4761492E476E6D00C75558 /* AuthProvidersView.swift in Sources */,
				8CE5854E2E4B7D7B00951B8B /* FavoritesViewContent.swift in Sources */,
				8CE585182E4B728300951B8B /* ItemFullView.swift in Sources */,
				8CABF3A22E4A2A71008C81ED /* BestSellerItemCompact.swift in Sources */,
				8CABF3A62E4A2A71008C81ED /* HomeView.swift in Sources */,
				8CABF3A72E4A2A71008C81ED /* HomeViewContent.swift in Sources */,
				8CABF3A82E4A2A71008C81ED /* RecommendItemView.swift in Sources */,
				8CABF3A92E4A2A71008C81ED /* SliderDiscountView.swift in Sources */,
				8C47614A2E476E6D00C75558 /* OnboardingOrderView.swift in Sources */,
				8C47614B2E476E6D00C75558 /* LaunchFirstScreenView.swift in Sources */,
				8C47614C2E476E6D00C75558 /* TabBarView.swift in Sources */,
				8C47614D2E476E6D00C75558 /* OnboardingDeliveryView.swift in Sources */,
				8C47614E2E476E6D00C75558 /* OnboardingPaymentView.swift in Sources */,
				8C47614F2E476E6D00C75558 /* LaunchWelcomeScreenView.swift in Sources */,
				8C4761522E476E6D00C75558 /* FoodDeliveryApp.swift in Sources */,
				8C4761532E476E6D00C75558 /* SignUpView.swift in Sources */,
				8C4761552E476E6D00C75558 /* MenuItemView.swift in Sources */,
				8C4761562E476E6D00C75558 /* LogInView.swift in Sources */,
				8C4761572E476E6D00C75558 /* OrdersView.swift in Sources */,
				8C47615B2E476E6D00C75558 /* MenuViewContent.swift in Sources */,
				8C47615C2E476E6D00C75558 /* HelpView.swift in Sources */,
				8C47615D2E476E6D00C75558 /* FavoritesView.swift in Sources */,
				8C47615F2E476E6D00C75558 /* SetPasswordView.swift in Sources */,
			);
			runOnlyForDeploymentPostprocessing = 0;
		};
/* End PBXSourcesBuildPhase section */

/* Begin XCBuildConfiguration section */
		8CE2A6C22E2EA75200C3CDD4 /* Debug */ = {
			isa = XCBuildConfiguration;
			buildSettings = {
				ALWAYS_SEARCH_USER_PATHS = NO;
				ASSETCATALOG_COMPILER_GENERATE_SWIFT_ASSET_SYMBOL_EXTENSIONS = YES;
				CLANG_ANALYZER_NONNULL = YES;
				CLANG_ANALYZER_NUMBER_OBJECT_CONVERSION = YES_AGGRESSIVE;
				CLANG_CXX_LANGUAGE_STANDARD = "gnu++20";
				CLANG_ENABLE_MODULES = YES;
				CLANG_ENABLE_OBJC_ARC = YES;
				CLANG_ENABLE_OBJC_WEAK = YES;
				CLANG_WARN_BLOCK_CAPTURE_AUTORELEASING = YES;
				CLANG_WARN_BOOL_CONVERSION = YES;
				CLANG_WARN_COMMA = YES;
				CLANG_WARN_CONSTANT_CONVERSION = YES;
				CLANG_WARN_DEPRECATED_OBJC_IMPLEMENTATIONS = YES;
				CLANG_WARN_DIRECT_OBJC_ISA_USAGE = YES_ERROR;
				CLANG_WARN_DOCUMENTATION_COMMENTS = YES;
				CLANG_WARN_EMPTY_BODY = YES;
				CLANG_WARN_ENUM_CONVERSION = YES;
				CLANG_WARN_INFINITE_RECURSION = YES;
				CLANG_WARN_INT_CONVERSION = YES;
				CLANG_WARN_NON_LITERAL_NULL_CONVERSION = YES;
				CLANG_WARN_OBJC_IMPLICIT_RETAIN_SELF = YES;
				CLANG_WARN_OBJC_LITERAL_CONVERSION = YES;
				CLANG_WARN_OBJC_ROOT_CLASS = YES_ERROR;
				CLANG_WARN_QUOTED_INCLUDE_IN_FRAMEWORK_HEADER = YES;
				CLANG_WARN_RANGE_LOOP_ANALYSIS = YES;
				CLANG_WARN_STRICT_PROTOTYPES = YES;
				CLANG_WARN_SUSPICIOUS_MOVE = YES;
				CLANG_WARN_UNGUARDED_AVAILABILITY = YES_AGGRESSIVE;
				CLANG_WARN_UNREACHABLE_CODE = YES;
				CLANG_WARN__DUPLICATE_METHOD_MATCH = YES;
				COPY_PHASE_STRIP = NO;
				DEBUG_INFORMATION_FORMAT = dwarf;
				ENABLE_STRICT_OBJC_MSGSEND = YES;
				ENABLE_TESTABILITY = YES;
				ENABLE_USER_SCRIPT_SANDBOXING = YES;
				GCC_C_LANGUAGE_STANDARD = gnu17;
				GCC_DYNAMIC_NO_PIC = NO;
				GCC_NO_COMMON_BLOCKS = YES;
				GCC_OPTIMIZATION_LEVEL = 0;
				GCC_PREPROCESSOR_DEFINITIONS = (
					"DEBUG=1",
					"$(inherited)",
				);
				GCC_WARN_64_TO_32_BIT_CONVERSION = YES;
				GCC_WARN_ABOUT_RETURN_TYPE = YES_ERROR;
				GCC_WARN_UNDECLARED_SELECTOR = YES;
				GCC_WARN_UNINITIALIZED_AUTOS = YES_AGGRESSIVE;
				GCC_WARN_UNUSED_FUNCTION = YES;
				GCC_WARN_UNUSED_VARIABLE = YES;
				IPHONEOS_DEPLOYMENT_TARGET = 18.2;
				LOCALIZATION_PREFERS_STRING_CATALOGS = YES;
				MTL_ENABLE_DEBUG_INFO = INCLUDE_SOURCE;
				MTL_FAST_MATH = YES;
				ONLY_ACTIVE_ARCH = YES;
				SDKROOT = iphoneos;
				SWIFT_ACTIVE_COMPILATION_CONDITIONS = "DEBUG $(inherited)";
				SWIFT_OPTIMIZATION_LEVEL = "-Onone";
			};
			name = Debug;
		};
		8CE2A6C32E2EA75200C3CDD4 /* Release */ = {
			isa = XCBuildConfiguration;
			buildSettings = {
				ALWAYS_SEARCH_USER_PATHS = NO;
				ASSETCATALOG_COMPILER_GENERATE_SWIFT_ASSET_SYMBOL_EXTENSIONS = YES;
				CLANG_ANALYZER_NONNULL = YES;
				CLANG_ANALYZER_NUMBER_OBJECT_CONVERSION = YES_AGGRESSIVE;
				CLANG_CXX_LANGUAGE_STANDARD = "gnu++20";
				CLANG_ENABLE_MODULES = YES;
				CLANG_ENABLE_OBJC_ARC = YES;
				CLANG_ENABLE_OBJC_WEAK = YES;
				CLANG_WARN_BLOCK_CAPTURE_AUTORELEASING = YES;
				CLANG_WARN_BOOL_CONVERSION = YES;
				CLANG_WARN_COMMA = YES;
				CLANG_WARN_CONSTANT_CONVERSION = YES;
				CLANG_WARN_DEPRECATED_OBJC_IMPLEMENTATIONS = YES;
				CLANG_WARN_DIRECT_OBJC_ISA_USAGE = YES_ERROR;
				CLANG_WARN_DOCUMENTATION_COMMENTS = YES;
				CLANG_WARN_EMPTY_BODY = YES;
				CLANG_WARN_ENUM_CONVERSION = YES;
				CLANG_WARN_INFINITE_RECURSION = YES;
				CLANG_WARN_INT_CONVERSION = YES;
				CLANG_WARN_NON_LITERAL_NULL_CONVERSION = YES;
				CLANG_WARN_OBJC_IMPLICIT_RETAIN_SELF = YES;
				CLANG_WARN_OBJC_LITERAL_CONVERSION = YES;
				CLANG_WARN_OBJC_ROOT_CLASS = YES_ERROR;
				CLANG_WARN_QUOTED_INCLUDE_IN_FRAMEWORK_HEADER = YES;
				CLANG_WARN_RANGE_LOOP_ANALYSIS = YES;
				CLANG_WARN_STRICT_PROTOTYPES = YES;
				CLANG_WARN_SUSPICIOUS_MOVE = YES;
				CLANG_WARN_UNGUARDED_AVAILABILITY = YES_AGGRESSIVE;
				CLANG_WARN_UNREACHABLE_CODE = YES;
				CLANG_WARN__DUPLICATE_METHOD_MATCH = YES;
				COPY_PHASE_STRIP = NO;
				DEBUG_INFORMATION_FORMAT = "dwarf-with-dsym";
				ENABLE_NS_ASSERTIONS = NO;
				ENABLE_STRICT_OBJC_MSGSEND = YES;
				ENABLE_USER_SCRIPT_SANDBOXING = YES;
				GCC_C_LANGUAGE_STANDARD = gnu17;
				GCC_NO_COMMON_BLOCKS = YES;
				GCC_WARN_64_TO_32_BIT_CONVERSION = YES;
				GCC_WARN_ABOUT_RETURN_TYPE = YES_ERROR;
				GCC_WARN_UNDECLARED_SELECTOR = YES;
				GCC_WARN_UNINITIALIZED_AUTOS = YES_AGGRESSIVE;
				GCC_WARN_UNUSED_FUNCTION = YES;
				GCC_WARN_UNUSED_VARIABLE = YES;
				IPHONEOS_DEPLOYMENT_TARGET = 18.2;
				LOCALIZATION_PREFERS_STRING_CATALOGS = YES;
				MTL_ENABLE_DEBUG_INFO = NO;
				MTL_FAST_MATH = YES;
				SDKROOT = iphoneos;
				SWIFT_COMPILATION_MODE = wholemodule;
				VALIDATE_PRODUCT = YES;
			};
			name = Release;
		};
		8CE2A6C52E2EA75200C3CDD4 /* Debug */ = {
			isa = XCBuildConfiguration;
			buildSettings = {
				ASSETCATALOG_COMPILER_APPICON_NAME = AppIcon;
				ASSETCATALOG_COMPILER_GLOBAL_ACCENT_COLOR_NAME = AccentColor;
				CODE_SIGN_STYLE = Automatic;
				CURRENT_PROJECT_VERSION = 1;
				DEVELOPMENT_ASSET_PATHS = "\"DeliWorldClients/Preview Content\"";
				DEVELOPMENT_TEAM = AYK5S87LVY;
				ENABLE_PREVIEWS = YES;
				GENERATE_INFOPLIST_FILE = YES;
				INFOPLIST_FILE = DeliWorldClients/Info.plist;
				INFOPLIST_KEY_UIApplicationSceneManifest_Generation = YES;
				INFOPLIST_KEY_UIApplicationSupportsIndirectInputEvents = YES;
				INFOPLIST_KEY_UILaunchScreen_Generation = YES;
				INFOPLIST_KEY_UISupportedInterfaceOrientations_iPad = "UIInterfaceOrientationPortrait UIInterfaceOrientationPortraitUpsideDown UIInterfaceOrientationLandscapeLeft UIInterfaceOrientationLandscapeRight";
				INFOPLIST_KEY_UISupportedInterfaceOrientations_iPhone = "UIInterfaceOrientationPortrait UIInterfaceOrientationLandscapeLeft UIInterfaceOrientationLandscapeRight";
				LD_RUNPATH_SEARCH_PATHS = (
					"$(inherited)",
					"@executable_path/Frameworks",
				);
				MARKETING_VERSION = 1.0;
				PRODUCT_BUNDLE_IDENTIFIER = reek.FoodDelivery;
				PRODUCT_NAME = "$(TARGET_NAME)";
				SWIFT_EMIT_LOC_STRINGS = YES;
				SWIFT_VERSION = 5.0;
				TARGETED_DEVICE_FAMILY = "1,2";
			};
			name = Debug;
		};
		8CE2A6C62E2EA75200C3CDD4 /* Release */ = {
			isa = XCBuildConfiguration;
			buildSettings = {
				ASSETCATALOG_COMPILER_APPICON_NAME = AppIcon;
				ASSETCATALOG_COMPILER_GLOBAL_ACCENT_COLOR_NAME = AccentColor;
				CODE_SIGN_STYLE = Automatic;
				CURRENT_PROJECT_VERSION = 1;
				DEVELOPMENT_ASSET_PATHS = "\"DeliWorldClients/Preview Content\"";
				DEVELOPMENT_TEAM = AYK5S87LVY;
				ENABLE_PREVIEWS = YES;
				GENERATE_INFOPLIST_FILE = YES;
				INFOPLIST_FILE = DeliWorldClients/Info.plist;
				INFOPLIST_KEY_UIApplicationSceneManifest_Generation = YES;
				INFOPLIST_KEY_UIApplicationSupportsIndirectInputEvents = YES;
				INFOPLIST_KEY_UILaunchScreen_Generation = YES;
				INFOPLIST_KEY_UISupportedInterfaceOrientations_iPad = "UIInterfaceOrientationPortrait UIInterfaceOrientationPortraitUpsideDown UIInterfaceOrientationLandscapeLeft UIInterfaceOrientationLandscapeRight";
				INFOPLIST_KEY_UISupportedInterfaceOrientations_iPhone = "UIInterfaceOrientationPortrait UIInterfaceOrientationLandscapeLeft UIInterfaceOrientationLandscapeRight";
				LD_RUNPATH_SEARCH_PATHS = (
					"$(inherited)",
					"@executable_path/Frameworks",
				);
				MARKETING_VERSION = 1.0;
				PRODUCT_BUNDLE_IDENTIFIER = reek.DeliWorldClients;
				PRODUCT_NAME = "$(TARGET_NAME)";
				SWIFT_EMIT_LOC_STRINGS = YES;
				SWIFT_VERSION = 5.0;
				TARGETED_DEVICE_FAMILY = "1,2";
			};
			name = Release;
		};
/* End XCBuildConfiguration section */

/* Begin XCConfigurationList section */
		8CE2A6B12E2EA75100C3CDD4 /* Build configuration list for PBXProject "DeliWorldClients" */ = {
			isa = XCConfigurationList;
			buildConfigurations = (
				8CE2A6C22E2EA75200C3CDD4 /* Debug */,
				8CE2A6C32E2EA75200C3CDD4 /* Release */,
			);
			defaultConfigurationIsVisible = 0;
			defaultConfigurationName = Release;
		};
		8CE2A6C42E2EA75200C3CDD4 /* Build configuration list for PBXNativeTarget "DeliWorldClients" */ = {
			isa = XCConfigurationList;
			buildConfigurations = (
				8CE2A6C52E2EA75200C3CDD4 /* Debug */,
				8CE2A6C62E2EA75200C3CDD4 /* Release */,
			);
			defaultConfigurationIsVisible = 0;
			defaultConfigurationName = Release;
		};
/* End XCConfigurationList section */
	};
	rootObject = 8CE2A6AE2E2EA75100C3CDD4 /* Project object */;
}
